
Microsoft Visual Studio Solution File, Format Version 12.00
# Visual Studio Version 16
VisualStudioVersion = 16.0.29411.108
MinimumVisualStudioVersion = 10.0.40219.1
Project("{FAE04EC0-301F-11D3-BF4B-00C04F79EFBC}") = "IronPdfToc", "IronPdfToc\IronPdfToc.csproj", "{C48B1BC7-3668-414E-AB87-AF04C58CD03C}"
EndProject
Project("{2150E333-8FDC-42A3-9474-1A3956D46DE8}") = "Solution Items", "Solution Items", "{4286C315-7E08-42C5-BA31-F877E5ED5D44}"
	ProjectSection(SolutionItems) = preProject
		Readme.md = Readme.md
	EndProjectSection
EndProject
Global
	GlobalSection(SolutionConfigurationPlatforms) = preSolution
		Debug|Any CPU = Debug|Any CPU
		Release|Any CPU = Release|Any CPU
	EndGlobalSection
	GlobalSection(ProjectConfigurationPlatforms) = postSolution
		{C48B1BC7-3668-414E-AB87-AF04C58CD03C}.Debug|Any CPU.ActiveCfg = Debug|Any CPU
		{C48B1BC7-3668-414E-AB87-AF04C58CD03C}.Debug|Any CPU.Build.0 = Debug|Any CPU
		{C48B1BC7-3668-414E-AB87-AF04C58CD03C}.Release|Any CPU.ActiveCfg = Release|Any CPU
		{C48B1BC7-3668-414E-AB87-AF04C58CD03C}.Release|Any CPU.Build.0 = Release|Any CPU
	EndGlobalSection
	GlobalSection(SolutionProperties) = preSolution
		HideSolutionNode = FALSE
	EndGlobalSection
	GlobalSection(ExtensibilityGlobals) = postSolution
		SolutionGuid = {02F9A148-731D-4365-9FEE-770F28182432}
	EndGlobalSection
EndGlobal
